
Microsoft Visual Studio Solution File, Format Version 12.00
# Visual Studio 15
VisualStudioVersion = 15.0.28307.329
MinimumVisualStudioVersion = 10.0.40219.1
Project("{FAE04EC0-301F-11D3-BF4B-00C04F79EFBC}") = "TemplateIntegration.ExternalApi", "TemplateIntegration\TemplateIntegration.ExternalApi.csproj", "{2B040996-AC87-4DAD-BD74-0770A3702F7D}"
EndProject
Global
	GlobalSection(SolutionConfigurationPlatforms) = preSolution
		Debug|Any CPU = Debug|Any CPU
		Release|Any CPU = Release|Any CPU
	EndGlobalSection
	GlobalSection(ProjectConfigurationPlatforms) = postSolution
		{2B040996-AC87-4DAD-BD74-0770A3702F7D}.Debug|Any CPU.ActiveCfg = Debug|Any CPU
		{2B040996-AC87-4DAD-BD74-0770A3702F7D}.Debug|Any CPU.Build.0 = Debug|Any CPU
		{2B040996-AC87-4DAD-BD74-0770A3702F7D}.Release|Any CPU.ActiveCfg = Release|Any CPU
		{2B040996-AC87-4DAD-BD74-0770A3702F7D}.Release|Any CPU.Build.0 = Release|Any CPU
	EndGlobalSection
	GlobalSection(SolutionProperties) = preSolution
		HideSolutionNode = FALSE
	EndGlobalSection
	GlobalSection(ExtensibilityGlobals) = postSolution
		SolutionGuid = {01561FC3-050D-44D1-991F-67F32EF4F7AA}
	EndGlobalSection
EndGlobal
